
Microsoft Visual Studio Solution File, Format Version 12.00
# Visual Studio Version 17
VisualStudioVersion = 17.14.36414.22
MinimumVisualStudioVersion = 10.0.40219.1
Project("{FAE04EC0-301F-11D3-BF4B-00C04F79EFBC}") = "OutilsTs", "Classe outils topsolid\OutilsTs.csproj", "{5CA54E06-3793-4C5B-9A45-8F726A22807A}"
EndProject
Project("{2150E333-8FDC-42A3-9474-1A3956D46DE8}") = "Éléments de solution", "Éléments de solution", "{9C8CB701-102D-CF49-A3E0-89AC09D42C2C}"
	ProjectSection(SolutionItems) = preProject
		LICENSE = LICENSE
	EndProjectSection
EndProject
Global
	GlobalSection(SolutionConfigurationPlatforms) = preSolution
		Debug|Any CPU = Debug|Any CPU
		Release|Any CPU = Release|Any CPU
	EndGlobalSection
	GlobalSection(ProjectConfigurationPlatforms) = postSolution
		{5CA54E06-3793-4C5B-9A45-8F726A22807A}.Debug|Any CPU.ActiveCfg = Debug|Any CPU
		{5CA54E06-3793-4C5B-9A45-8F726A22807A}.Debug|Any CPU.Build.0 = Debug|Any CPU
		{5CA54E06-3793-4C5B-9A45-8F726A22807A}.Release|Any CPU.ActiveCfg = Release|Any CPU
		{5CA54E06-3793-4C5B-9A45-8F726A22807A}.Release|Any CPU.Build.0 = Release|Any CPU
	EndGlobalSection
	GlobalSection(SolutionProperties) = preSolution
		HideSolutionNode = FALSE
	EndGlobalSection
	GlobalSection(ExtensibilityGlobals) = postSolution
		SolutionGuid = {49C9910D-D078-4B05-8CBB-BB927B9B2F2A}
	EndGlobalSection
EndGlobal
